{
  "name": "@logi.one/document-client",
  "version": "0.2.4",
  "lockfileVersion": 3,
  "requires": true,
  "packages": {
    "": {
      "name": "@logi.one/document-client",
      "version": "0.2.4",
      "license": "ISC",
      "dependencies": {
        "@logi.one/rest-client": "^0.2.3"
      },
      "devDependencies": {
        "@types/node": "^18.0.0",
        "typescript": "^5.2.2"
      },
      "engines": {
        "node": ">=18.0.0"
      }
    },
    "node_modules/@logi.one/rest-client": {
      "version": "0.2.4",
      "resolved": "https://registry.npmjs.org/@logi.one/rest-client/-/rest-client-0.2.4.tgz",
      "integrity": "sha512-8pcsaSKF1C+6M036qyd8chRqKnpspaZjvYXHtFdJViDyV5umy14bmlxq4l6dXzoubDHC2pAfSXZIlfeB/iWk0g==",
      "engines": {
        "node": ">=18.0.0"
      }
    },
    "node_modules/@types/node": {
      "version": "18.17.12",
      "resolved": "https://registry.npmjs.org/@types/node/-/node-18.17.12.tgz",
      "integrity": "sha512-d6xjC9fJ/nSnfDeU0AMDsaJyb1iHsqCSOdi84w4u+SlN/UgQdY5tRhpMzaFYsI4mnpvgTivEaQd0yOUhAtOnEQ==",
      "dev": true
    },
    "node_modules/typescript": {
      "version": "5.2.2",
      "resolved": "https://registry.npmjs.org/typescript/-/typescript-5.2.2.tgz",
      "integrity": "sha512-mI4WrpHsbCIcwT9cF4FZvr80QUeKvsUsUvKDoR+X/7XHQH98xYD8YHZg7ANtz2GtZt/CBq2QJ0thkGJMHfqc1w==",
      "dev": true,
      "bin": {
        "tsc": "bin/tsc",
        "tsserver": "bin/tsserver"
      },
      "engines": {
        "node": ">=14.17"
      }
    }
  }
}
